
Microsoft Visual Studio Solution File, Format Version 12.00
# Visual Studio Version 17
VisualStudioVersion = 17.11.35303.130
MinimumVisualStudioVersion = 10.0.40219.1
Project("{9A19103F-16F7-4668-BE54-9A1E7A4F7556}") = "FullStack.API", "FullStack.API\FullStack.API.csproj", "{28B7F1BE-D23C-44ED-A8AC-2C02415D6BFE}"
EndProject
Project("{9A19103F-16F7-4668-BE54-9A1E7A4F7556}") = "FullStack.Tests", "FullStack.Tests\FullStack.Tests.csproj", "{5FC50B04-5A01-4637-B07A-FE4A41F0EA85}"
EndProject
Project("{9A19103F-16F7-4668-BE54-9A1E7A4F7556}") = "FullStack.WebDemo", "FullStack.WebDemo\FullStack.WebDemo.csproj", "{0EE2FE23-398B-400C-BCEE-33EB424E5522}"
EndProject
Project("{9A19103F-16F7-4668-BE54-9A1E7A4F7556}") = "FullStack.Cargas", "FullStack.Cargas\FullStack.Cargas.csproj", "{D24A18FF-FC38-47B4-AAC0-43BDDED74CC5}"
EndProject
Project("{2150E333-8FDC-42A3-9474-1A3956D46DE8}") = "SQLs", "SQLs", "{01076A7A-CD55-4FA7-BFBF-14C7D318D250}"
	ProjectSection(SolutionItems) = preProject
		Categoria.sql = Categoria.sql
		Produto.sql = Produto.sql
	EndProjectSection
EndProject
Project("{2150E333-8FDC-42A3-9474-1A3956D46DE8}") = "Auxiliares", "Auxiliares", "{D5FAE9AF-BD47-4432-9589-21ACFBA82265}"
EndProject
Global
	GlobalSection(SolutionConfigurationPlatforms) = preSolution
		Debug|Any CPU = Debug|Any CPU
		Release|Any CPU = Release|Any CPU
	EndGlobalSection
	GlobalSection(ProjectConfigurationPlatforms) = postSolution
		{28B7F1BE-D23C-44ED-A8AC-2C02415D6BFE}.Debug|Any CPU.ActiveCfg = Debug|Any CPU
		{28B7F1BE-D23C-44ED-A8AC-2C02415D6BFE}.Debug|Any CPU.Build.0 = Debug|Any CPU
		{28B7F1BE-D23C-44ED-A8AC-2C02415D6BFE}.Release|Any CPU.ActiveCfg = Release|Any CPU
		{28B7F1BE-D23C-44ED-A8AC-2C02415D6BFE}.Release|Any CPU.Build.0 = Release|Any CPU
		{5FC50B04-5A01-4637-B07A-FE4A41F0EA85}.Debug|Any CPU.ActiveCfg = Debug|Any CPU
		{5FC50B04-5A01-4637-B07A-FE4A41F0EA85}.Debug|Any CPU.Build.0 = Debug|Any CPU
		{5FC50B04-5A01-4637-B07A-FE4A41F0EA85}.Release|Any CPU.ActiveCfg = Release|Any CPU
		{5FC50B04-5A01-4637-B07A-FE4A41F0EA85}.Release|Any CPU.Build.0 = Release|Any CPU
		{0EE2FE23-398B-400C-BCEE-33EB424E5522}.Debug|Any CPU.ActiveCfg = Debug|Any CPU
		{0EE2FE23-398B-400C-BCEE-33EB424E5522}.Debug|Any CPU.Build.0 = Debug|Any CPU
		{0EE2FE23-398B-400C-BCEE-33EB424E5522}.Release|Any CPU.ActiveCfg = Release|Any CPU
		{0EE2FE23-398B-400C-BCEE-33EB424E5522}.Release|Any CPU.Build.0 = Release|Any CPU
		{D24A18FF-FC38-47B4-AAC0-43BDDED74CC5}.Debug|Any CPU.ActiveCfg = Debug|Any CPU
		{D24A18FF-FC38-47B4-AAC0-43BDDED74CC5}.Debug|Any CPU.Build.0 = Debug|Any CPU
		{D24A18FF-FC38-47B4-AAC0-43BDDED74CC5}.Release|Any CPU.ActiveCfg = Release|Any CPU
		{D24A18FF-FC38-47B4-AAC0-43BDDED74CC5}.Release|Any CPU.Build.0 = Release|Any CPU
	EndGlobalSection
	GlobalSection(SolutionProperties) = preSolution
		HideSolutionNode = FALSE
	EndGlobalSection
	GlobalSection(NestedProjects) = preSolution
		{5FC50B04-5A01-4637-B07A-FE4A41F0EA85} = {D5FAE9AF-BD47-4432-9589-21ACFBA82265}
		{D24A18FF-FC38-47B4-AAC0-43BDDED74CC5} = {D5FAE9AF-BD47-4432-9589-21ACFBA82265}
	EndGlobalSection
	GlobalSection(ExtensibilityGlobals) = postSolution
		SolutionGuid = {9A7F189C-E4B9-4A6A-9F67-2AF950DC3895}
	EndGlobalSection
EndGlobal
